
Microsoft Visual Studio Solution File, Format Version 12.00
# Visual Studio Version 17
VisualStudioVersion = 17.14.36414.22 d17.14
MinimumVisualStudioVersion = 10.0.40219.1
Project("{FAE04EC0-301F-11D3-BF4B-00C04F79EFBC}") = "SmartEnergyMeterAPI", "SmartEnergyMeterAPI\SmartEnergyMeterAPI.csproj", "{CABA2B30-CC7D-435D-9B8E-914B60EFBBA1}"
EndProject
Global
	GlobalSection(SolutionConfigurationPlatforms) = preSolution
		Debug|Any CPU = Debug|Any CPU
		Release|Any CPU = Release|Any CPU
	EndGlobalSection
	GlobalSection(ProjectConfigurationPlatforms) = postSolution
		{CABA2B30-CC7D-435D-9B8E-914B60EFBBA1}.Debug|Any CPU.ActiveCfg = Debug|Any CPU
		{CABA2B30-CC7D-435D-9B8E-914B60EFBBA1}.Debug|Any CPU.Build.0 = Debug|Any CPU
		{CABA2B30-CC7D-435D-9B8E-914B60EFBBA1}.Release|Any CPU.ActiveCfg = Release|Any CPU
		{CABA2B30-CC7D-435D-9B8E-914B60EFBBA1}.Release|Any CPU.Build.0 = Release|Any CPU
	EndGlobalSection
	GlobalSection(SolutionProperties) = preSolution
		HideSolutionNode = FALSE
	EndGlobalSection
	GlobalSection(ExtensibilityGlobals) = postSolution
		SolutionGuid = {7436538A-0680-4BDD-94D3-91F04ACD7771}
	EndGlobalSection
EndGlobal
